
Microsoft Visual Studio Solution File, Format Version 12.00
# Visual Studio 2013
VisualStudioVersion = 12.0.30501.0
MinimumVisualStudioVersion = 10.0.40219.1
Project("{FAE04EC0-301F-11D3-BF4B-00C04F79EFBC}") = "Crichton.Representors", "src\Crichton.Representors\Crichton.Representors.csproj", "{E9B71D6B-E1FA-4EC7-B35A-C1C666D69D22}"
EndProject
Project("{FAE04EC0-301F-11D3-BF4B-00C04F79EFBC}") = "Crichton.Representors.Tests", "tests\Crichton.Representors.Tests\Crichton.Representors.Tests.csproj", "{B5258B16-32DB-4A32-9742-AA5E6C6DE4AA}"
EndProject
Project("{2150E333-8FDC-42A3-9474-1A3956D46DE8}") = ".nuget", ".nuget", "{2CEA9269-7E6C-41D6-BAEA-4D249E175840}"
	ProjectSection(SolutionItems) = preProject
		.nuget\NuGet.Config = .nuget\NuGet.Config
		.nuget\NuGet.exe = .nuget\NuGet.exe
		.nuget\NuGet.targets = .nuget\NuGet.targets
		.nuget\packages.config = .nuget\packages.config
	EndProjectSection
EndProject
Project("{2150E333-8FDC-42A3-9474-1A3956D46DE8}") = "Solution Items", "Solution Items", "{03C13C85-C551-4245-96D1-1F1C71010C1B}"
	ProjectSection(SolutionItems) = preProject
		CHANGELOG.md = CHANGELOG.md
		CONTRIBUTING.md = CONTRIBUTING.md
		LICENSE.md = LICENSE.md
		README.md = README.md
	EndProjectSection
EndProject
Project("{2150E333-8FDC-42A3-9474-1A3956D46DE8}") = "docs", "docs", "{33AC81D7-260B-42F9-874C-5397E2714148}"
	ProjectSection(SolutionItems) = preProject
		docs\representor_builder.md = docs\representor_builder.md
	EndProjectSection
EndProject
Project("{FAE04EC0-301F-11D3-BF4B-00C04F79EFBC}") = "Crichton.Representors.Benchmark", "tools\Crichton.Representors.Benchmark\Crichton.Representors.Benchmark.csproj", "{301AA1A7-7891-4794-9EC4-6F915740BE47}"
EndProject
Project("{2150E333-8FDC-42A3-9474-1A3956D46DE8}") = "tools", "tools", "{305C89FD-C818-492E-B304-206871804593}"
	ProjectSection(SolutionItems) = preProject
		benchmark.bat = benchmark.bat
	EndProjectSection
EndProject
Project("{FAE04EC0-301F-11D3-BF4B-00C04F79EFBC}") = "Crichton.Client", "src\Crichton.Client\Crichton.Client.csproj", "{1903F029-4111-4E17-8224-012F46D269F5}"
EndProject
Project("{FAE04EC0-301F-11D3-BF4B-00C04F79EFBC}") = "Crichton.Client.Tests", "tests\Crichton.Client.Tests\Crichton.Client.Tests.csproj", "{09B73237-4871-43A8-9335-C47288163F74}"
EndProject
Project("{FAE04EC0-301F-11D3-BF4B-00C04F79EFBC}") = "SampleApp", "sample\SampleApp\SampleApp.csproj", "{A8AE73E1-397D-4913-A10F-22E6F1BB88EE}"
EndProject
Project("{2150E333-8FDC-42A3-9474-1A3956D46DE8}") = "sample", "sample", "{9CE6AE59-0931-4864-B87E-7C36FA636703}"
EndProject
Global
	GlobalSection(SolutionConfigurationPlatforms) = preSolution
		Debug|Any CPU = Debug|Any CPU
		Release|Any CPU = Release|Any CPU
	EndGlobalSection
	GlobalSection(ProjectConfigurationPlatforms) = postSolution
		{E9B71D6B-E1FA-4EC7-B35A-C1C666D69D22}.Debug|Any CPU.ActiveCfg = Debug|Any CPU
		{E9B71D6B-E1FA-4EC7-B35A-C1C666D69D22}.Debug|Any CPU.Build.0 = Debug|Any CPU
		{E9B71D6B-E1FA-4EC7-B35A-C1C666D69D22}.Release|Any CPU.ActiveCfg = Release|Any CPU
		{E9B71D6B-E1FA-4EC7-B35A-C1C666D69D22}.Release|Any CPU.Build.0 = Release|Any CPU
		{B5258B16-32DB-4A32-9742-AA5E6C6DE4AA}.Debug|Any CPU.ActiveCfg = Debug|Any CPU
		{B5258B16-32DB-4A32-9742-AA5E6C6DE4AA}.Debug|Any CPU.Build.0 = Debug|Any CPU
		{B5258B16-32DB-4A32-9742-AA5E6C6DE4AA}.Release|Any CPU.ActiveCfg = Release|Any CPU
		{B5258B16-32DB-4A32-9742-AA5E6C6DE4AA}.Release|Any CPU.Build.0 = Release|Any CPU
		{301AA1A7-7891-4794-9EC4-6F915740BE47}.Debug|Any CPU.ActiveCfg = Debug|Any CPU
		{301AA1A7-7891-4794-9EC4-6F915740BE47}.Debug|Any CPU.Build.0 = Debug|Any CPU
		{301AA1A7-7891-4794-9EC4-6F915740BE47}.Release|Any CPU.ActiveCfg = Release|Any CPU
		{301AA1A7-7891-4794-9EC4-6F915740BE47}.Release|Any CPU.Build.0 = Release|Any CPU
		{1903F029-4111-4E17-8224-012F46D269F5}.Debug|Any CPU.ActiveCfg = Debug|Any CPU
		{1903F029-4111-4E17-8224-012F46D269F5}.Debug|Any CPU.Build.0 = Debug|Any CPU
		{1903F029-4111-4E17-8224-012F46D269F5}.Release|Any CPU.ActiveCfg = Release|Any CPU
		{1903F029-4111-4E17-8224-012F46D269F5}.Release|Any CPU.Build.0 = Release|Any CPU
		{09B73237-4871-43A8-9335-C47288163F74}.Debug|Any CPU.ActiveCfg = Debug|Any CPU
		{09B73237-4871-43A8-9335-C47288163F74}.Debug|Any CPU.Build.0 = Debug|Any CPU
		{09B73237-4871-43A8-9335-C47288163F74}.Release|Any CPU.ActiveCfg = Release|Any CPU
		{09B73237-4871-43A8-9335-C47288163F74}.Release|Any CPU.Build.0 = Release|Any CPU
		{A8AE73E1-397D-4913-A10F-22E6F1BB88EE}.Debug|Any CPU.ActiveCfg = Debug|Any CPU
		{A8AE73E1-397D-4913-A10F-22E6F1BB88EE}.Debug|Any CPU.Build.0 = Debug|Any CPU
		{A8AE73E1-397D-4913-A10F-22E6F1BB88EE}.Release|Any CPU.ActiveCfg = Release|Any CPU
		{A8AE73E1-397D-4913-A10F-22E6F1BB88EE}.Release|Any CPU.Build.0 = Release|Any CPU
	EndGlobalSection
	GlobalSection(SolutionProperties) = preSolution
		HideSolutionNode = FALSE
	EndGlobalSection
	GlobalSection(NestedProjects) = preSolution
		{301AA1A7-7891-4794-9EC4-6F915740BE47} = {305C89FD-C818-492E-B304-206871804593}
		{A8AE73E1-397D-4913-A10F-22E6F1BB88EE} = {9CE6AE59-0931-4864-B87E-7C36FA636703}
	EndGlobalSection
EndGlobal
